
Microsoft Visual Studio Solution File, Format Version 12.00
# Visual Studio Version 17
VisualStudioVersion = 17.2.32516.85
MinimumVisualStudioVersion = 10.0.40219.1
Project("{FAE04EC0-301F-11D3-BF4B-00C04F79EFBC}") = "DotNetSwagApp.Android", "DotNetSwagApp\DotNetSwagApp.Android\DotNetSwagApp.Android.csproj", "{8DCD0D2A-91E0-4652-AD8B-9CD28246F8D7}"
EndProject
Project("{FAE04EC0-301F-11D3-BF4B-00C04F79EFBC}") = "DotNetSwagApp.iOS", "DotNetSwagApp\DotNetSwagApp.iOS\DotNetSwagApp.iOS.csproj", "{3CC7DB4E-E6B2-48FE-B4A7-61E68CCFDE5C}"
EndProject
Project("{FAE04EC0-301F-11D3-BF4B-00C04F79EFBC}") = "DotNetSwagApp", "DotNetSwagApp\DotNetSwagApp\DotNetSwagApp.csproj", "{E0148BBD-901C-4D77-9CE7-4B5425022E61}"
EndProject
Global
	GlobalSection(SolutionConfigurationPlatforms) = preSolution
		Debug|Any CPU = Debug|Any CPU
		Debug|iPhone = Debug|iPhone
		Debug|iPhoneSimulator = Debug|iPhoneSimulator
		Release|Any CPU = Release|Any CPU
		Release|iPhone = Release|iPhone
		Release|iPhoneSimulator = Release|iPhoneSimulator
	EndGlobalSection
	GlobalSection(ProjectConfigurationPlatforms) = postSolution
		{8DCD0D2A-91E0-4652-AD8B-9CD28246F8D7}.Debug|Any CPU.ActiveCfg = Debug|Any CPU
		{8DCD0D2A-91E0-4652-AD8B-9CD28246F8D7}.Debug|Any CPU.Build.0 = Debug|Any CPU
		{8DCD0D2A-91E0-4652-AD8B-9CD28246F8D7}.Debug|Any CPU.Deploy.0 = Debug|Any CPU
		{8DCD0D2A-91E0-4652-AD8B-9CD28246F8D7}.Debug|iPhone.ActiveCfg = Debug|Any CPU
		{8DCD0D2A-91E0-4652-AD8B-9CD28246F8D7}.Debug|iPhone.Build.0 = Debug|Any CPU
		{8DCD0D2A-91E0-4652-AD8B-9CD28246F8D7}.Debug|iPhone.Deploy.0 = Debug|Any CPU
		{8DCD0D2A-91E0-4652-AD8B-9CD28246F8D7}.Debug|iPhoneSimulator.ActiveCfg = Debug|Any CPU
		{8DCD0D2A-91E0-4652-AD8B-9CD28246F8D7}.Debug|iPhoneSimulator.Build.0 = Debug|Any CPU
		{8DCD0D2A-91E0-4652-AD8B-9CD28246F8D7}.Debug|iPhoneSimulator.Deploy.0 = Debug|Any CPU
		{8DCD0D2A-91E0-4652-AD8B-9CD28246F8D7}.Release|Any CPU.ActiveCfg = Release|Any CPU
		{8DCD0D2A-91E0-4652-AD8B-9CD28246F8D7}.Release|Any CPU.Build.0 = Release|Any CPU
		{8DCD0D2A-91E0-4652-AD8B-9CD28246F8D7}.Release|Any CPU.Deploy.0 = Release|Any CPU
		{8DCD0D2A-91E0-4652-AD8B-9CD28246F8D7}.Release|iPhone.ActiveCfg = Release|Any CPU
		{8DCD0D2A-91E0-4652-AD8B-9CD28246F8D7}.Release|iPhone.Build.0 = Release|Any CPU
		{8DCD0D2A-91E0-4652-AD8B-9CD28246F8D7}.Release|iPhone.Deploy.0 = Release|Any CPU
		{8DCD0D2A-91E0-4652-AD8B-9CD28246F8D7}.Release|iPhoneSimulator.ActiveCfg = Release|Any CPU
		{8DCD0D2A-91E0-4652-AD8B-9CD28246F8D7}.Release|iPhoneSimulator.Build.0 = Release|Any CPU
		{8DCD0D2A-91E0-4652-AD8B-9CD28246F8D7}.Release|iPhoneSimulator.Deploy.0 = Release|Any CPU
		{3CC7DB4E-E6B2-48FE-B4A7-61E68CCFDE5C}.Debug|Any CPU.ActiveCfg = Debug|iPhone
		{3CC7DB4E-E6B2-48FE-B4A7-61E68CCFDE5C}.Debug|Any CPU.Build.0 = Debug|iPhone
		{3CC7DB4E-E6B2-48FE-B4A7-61E68CCFDE5C}.Debug|Any CPU.Deploy.0 = Debug|iPhone
		{3CC7DB4E-E6B2-48FE-B4A7-61E68CCFDE5C}.Debug|iPhone.ActiveCfg = Debug|iPhone
		{3CC7DB4E-E6B2-48FE-B4A7-61E68CCFDE5C}.Debug|iPhone.Build.0 = Debug|iPhone
		{3CC7DB4E-E6B2-48FE-B4A7-61E68CCFDE5C}.Debug|iPhone.Deploy.0 = Debug|iPhone
		{3CC7DB4E-E6B2-48FE-B4A7-61E68CCFDE5C}.Debug|iPhoneSimulator.ActiveCfg = Debug|iPhoneSimulator
		{3CC7DB4E-E6B2-48FE-B4A7-61E68CCFDE5C}.Debug|iPhoneSimulator.Build.0 = Debug|iPhoneSimulator
		{3CC7DB4E-E6B2-48FE-B4A7-61E68CCFDE5C}.Debug|iPhoneSimulator.Deploy.0 = Debug|iPhoneSimulator
		{3CC7DB4E-E6B2-48FE-B4A7-61E68CCFDE5C}.Release|Any CPU.ActiveCfg = Release|iPhoneSimulator
		{3CC7DB4E-E6B2-48FE-B4A7-61E68CCFDE5C}.Release|Any CPU.Build.0 = Release|iPhoneSimulator
		{3CC7DB4E-E6B2-48FE-B4A7-61E68CCFDE5C}.Release|Any CPU.Deploy.0 = Release|iPhoneSimulator
		{3CC7DB4E-E6B2-48FE-B4A7-61E68CCFDE5C}.Release|iPhone.ActiveCfg = Release|iPhone
		{3CC7DB4E-E6B2-48FE-B4A7-61E68CCFDE5C}.Release|iPhone.Build.0 = Release|iPhone
		{3CC7DB4E-E6B2-48FE-B4A7-61E68CCFDE5C}.Release|iPhone.Deploy.0 = Release|iPhone
		{3CC7DB4E-E6B2-48FE-B4A7-61E68CCFDE5C}.Release|iPhoneSimulator.ActiveCfg = Release|iPhoneSimulator
		{3CC7DB4E-E6B2-48FE-B4A7-61E68CCFDE5C}.Release|iPhoneSimulator.Build.0 = Release|iPhoneSimulator
		{3CC7DB4E-E6B2-48FE-B4A7-61E68CCFDE5C}.Release|iPhoneSimulator.Deploy.0 = Release|iPhoneSimulator
		{E0148BBD-901C-4D77-9CE7-4B5425022E61}.Debug|Any CPU.ActiveCfg = Debug|Any CPU
		{E0148BBD-901C-4D77-9CE7-4B5425022E61}.Debug|Any CPU.Build.0 = Debug|Any CPU
		{E0148BBD-901C-4D77-9CE7-4B5425022E61}.Debug|Any CPU.Deploy.0 = Debug|Any CPU
		{E0148BBD-901C-4D77-9CE7-4B5425022E61}.Debug|iPhone.ActiveCfg = Debug|Any CPU
		{E0148BBD-901C-4D77-9CE7-4B5425022E61}.Debug|iPhone.Build.0 = Debug|Any CPU
		{E0148BBD-901C-4D77-9CE7-4B5425022E61}.Debug|iPhone.Deploy.0 = Debug|Any CPU
		{E0148BBD-901C-4D77-9CE7-4B5425022E61}.Debug|iPhoneSimulator.ActiveCfg = Debug|Any CPU
		{E0148BBD-901C-4D77-9CE7-4B5425022E61}.Debug|iPhoneSimulator.Build.0 = Debug|Any CPU
		{E0148BBD-901C-4D77-9CE7-4B5425022E61}.Debug|iPhoneSimulator.Deploy.0 = Debug|Any CPU
		{E0148BBD-901C-4D77-9CE7-4B5425022E61}.Release|Any CPU.ActiveCfg = Release|Any CPU
		{E0148BBD-901C-4D77-9CE7-4B5425022E61}.Release|Any CPU.Build.0 = Release|Any CPU
		{E0148BBD-901C-4D77-9CE7-4B5425022E61}.Release|Any CPU.Deploy.0 = Release|Any CPU
		{E0148BBD-901C-4D77-9CE7-4B5425022E61}.Release|iPhone.ActiveCfg = Release|Any CPU
		{E0148BBD-901C-4D77-9CE7-4B5425022E61}.Release|iPhone.Build.0 = Release|Any CPU
		{E0148BBD-901C-4D77-9CE7-4B5425022E61}.Release|iPhone.Deploy.0 = Release|Any CPU
		{E0148BBD-901C-4D77-9CE7-4B5425022E61}.Release|iPhoneSimulator.ActiveCfg = Release|Any CPU
		{E0148BBD-901C-4D77-9CE7-4B5425022E61}.Release|iPhoneSimulator.Build.0 = Release|Any CPU
		{E0148BBD-901C-4D77-9CE7-4B5425022E61}.Release|iPhoneSimulator.Deploy.0 = Release|Any CPU
	EndGlobalSection
	GlobalSection(SolutionProperties) = preSolution
		HideSolutionNode = FALSE
	EndGlobalSection
	GlobalSection(ExtensibilityGlobals) = postSolution
		SolutionGuid = {87E2C0C6-0EDA-4854-AEE3-0CD3AFE4D44B}
	EndGlobalSection
EndGlobal
